# This file is automatically @generated by Cargo.
# It is not intended for manual editing.
version = 3

[[package]]
name = "anyhow"
version = "1.0.43"
source = "registry+https://github.com/rust-lang/crates.io-index"
checksum = "28ae2b3dec75a406790005a200b1bd89785afc02517a00ca99ecfe093ee9e6cf"

[[package]]
name = "async-stream"
version = "0.3.2"
source = "registry+https://github.com/rust-lang/crates.io-index"
checksum = "171374e7e3b2504e0e5236e3b59260560f9fe94bfe9ac39ba5e4e929c5590625"
dependencies = [
 "async-stream-impl",
 "futures-core",
]

[[package]]
name = "async-stream-impl"
version = "0.3.2"
source = "registry+https://github.com/rust-lang/crates.io-index"
checksum = "648ed8c8d2ce5409ccd57453d9d1b214b342a0d69376a6feda1fd6cae3299308"
dependencies = [
 "proc-macro2",
 "quote",
 "syn",
]

[[package]]
name = "async-trait"
version = "0.1.51"
source = "registry+https://github.com/rust-lang/crates.io-index"
checksum = "44318e776df68115a881de9a8fd1b9e53368d7a4a5ce4cc48517da3393233a5e"
dependencies = [
 "proc-macro2",
 "quote",
 "syn",
]

[[package]]
name = "autocfg"
version = "1.0.1"
source = "registry+https://github.com/rust-lang/crates.io-index"
checksum = "cdb031dd78e28731d87d56cc8ffef4a8f36ca26c38fe2de700543e627f8a464a"

[[package]]
name = "base64"
version = "0.13.0"
source = "registry+https://github.com/rust-lang/crates.io-index"
checksum = "904dfeac50f3cdaba28fc6f57fdcddb75f49ed61346676a78c4ffe55877802fd"

[[package]]
name = "bitflags"
version = "1.2.1"
source = "registry+https://github.com/rust-lang/crates.io-index"
checksum = "cf1de2fe8c75bc145a2f577add951f8134889b4795d47466a54a5c846d691693"

[[package]]
name = "blake2"
version = "0.9.1"
source = "registry+https://github.com/rust-lang/crates.io-index"
checksum = "10a5720225ef5daecf08657f23791354e1685a8c91a4c60c7f3d3b2892f978f4"
dependencies = [
 "crypto-mac",
 "digest",
 "opaque-debug",
]

[[package]]
name = "block"
version = "0.1.6"
source = "registry+https://github.com/rust-lang/crates.io-index"
checksum = "0d8c1fef690941d3e7788d328517591fecc684c084084702d6ff1641e993699a"

[[package]]
name = "block-buffer"
version = "0.9.0"
source = "registry+https://github.com/rust-lang/crates.io-index"
checksum = "4152116fd6e9dadb291ae18fc1ec3575ed6d84c29642d97890f4b4a3417297e4"
dependencies = [
 "block-padding",
 "generic-array",
]

[[package]]
name = "block-padding"
version = "0.2.1"
source = "registry+https://github.com/rust-lang/crates.io-index"
checksum = "8d696c370c750c948ada61c69a0ee2cbbb9c50b1019ddb86d9317157a99c2cae"

[[package]]
name = "bumpalo"
version = "3.7.0"
source = "registry+https://github.com/rust-lang/crates.io-index"
checksum = "9c59e7af012c713f529e7a3ee57ce9b31ddd858d4b512923602f74608b009631"

[[package]]
name = "byteorder"
version = "1.4.3"
source = "registry+https://github.com/rust-lang/crates.io-index"
checksum = "14c189c53d098945499cdfa7ecc63567cf3886b3332b312a5b4585d8d3a6a610"

[[package]]
name = "bytes"
version = "1.0.1"
source = "registry+https://github.com/rust-lang/crates.io-index"
checksum = "b700ce4376041dcd0a327fd0097c41095743c4c8af8887265942faf1100bd040"

[[package]]
name = "cc"
version = "1.0.69"
source = "registry+https://github.com/rust-lang/crates.io-index"
checksum = "e70cc2f62c6ce1868963827bd677764c62d07c3d9a3e1fb1177ee1a9ab199eb2"

[[package]]
name = "cfg-expr"
version = "0.8.1"
source = "registry+https://github.com/rust-lang/crates.io-index"
checksum = "b412e83326147c2bb881f8b40edfbf9905b9b8abaebd0e47ca190ba62fda8f0e"
dependencies = [
 "smallvec",
]

[[package]]
name = "cfg-if"
version = "1.0.0"
source = "registry+https://github.com/rust-lang/crates.io-index"
checksum = "baf1de4339761588bc0619e3cbc0120ee582ebb74b53b4efbf79117bd2da40fd"

[[package]]
name = "chrono"
version = "0.4.19"
source = "registry+https://github.com/rust-lang/crates.io-index"
checksum = "670ad68c9088c2a963aaa298cb369688cf3f9465ce5e2d4ca10e6e0098a1ce73"
dependencies = [
 "libc",
 "num-integer",
 "num-traits",
 "winapi",
]

[[package]]
name = "clap"
version = "2.33.3"
source = "registry+https://github.com/rust-lang/crates.io-index"
checksum = "37e58ac78573c40708d45522f0d80fa2f01cc4f9b4e2bf749807255454312002"
dependencies = [
 "bitflags",
 "textwrap",
 "unicode-width",
]

[[package]]
name = "cocoa"
version = "0.24.0"
source = "registry+https://github.com/rust-lang/crates.io-index"
checksum = "6f63902e9223530efb4e26ccd0cf55ec30d592d3b42e21a28defc42a9586e832"
dependencies = [
 "bitflags",
 "block",
 "cocoa-foundation",
 "core-foundation",
 "core-graphics",
 "foreign-types",
 "libc",
 "objc",
]

[[package]]
name = "cocoa-foundation"
version = "0.1.0"
source = "registry+https://github.com/rust-lang/crates.io-index"
checksum = "7ade49b65d560ca58c403a479bb396592b155c0185eada742ee323d1d68d6318"
dependencies = [
 "bitflags",
 "block",
 "core-foundation",
 "core-graphics-types",
 "foreign-types",
 "libc",
 "objc",
]

[[package]]
name = "core-foundation"
version = "0.9.1"
source = "registry+https://github.com/rust-lang/crates.io-index"
checksum = "0a89e2ae426ea83155dccf10c0fa6b1463ef6d5fcb44cee0b224a408fa640a62"
dependencies = [
 "core-foundation-sys",
 "libc",
]

[[package]]
name = "core-foundation-sys"
version = "0.8.2"
source = "registry+https://github.com/rust-lang/crates.io-index"
checksum = "ea221b5284a47e40033bf9b66f35f984ec0ea2931eb03505246cd27a963f981b"

[[package]]
name = "core-graphics"
version = "0.22.2"
source = "registry+https://github.com/rust-lang/crates.io-index"
checksum = "269f35f69b542b80e736a20a89a05215c0ce80c2c03c514abb2e318b78379d86"
dependencies = [
 "bitflags",
 "core-foundation",
 "core-graphics-types",
 "foreign-types",
 "libc",
]

[[package]]
name = "core-graphics-types"
version = "0.1.1"
source = "registry+https://github.com/rust-lang/crates.io-index"
checksum = "3a68b68b3446082644c91ac778bf50cd4104bfb002b5a6a7c44cca5a2c70788b"
dependencies = [
 "bitflags",
 "core-foundation",
 "foreign-types",
 "libc",
]

[[package]]
name = "cpufeatures"
version = "0.1.5"
source = "registry+https://github.com/rust-lang/crates.io-index"
checksum = "66c99696f6c9dd7f35d486b9d04d7e6e202aa3e8c40d553f2fdf5e7e0c6a71ef"
dependencies = [
 "libc",
]

[[package]]
name = "crypto-mac"
version = "0.8.0"
source = "registry+https://github.com/rust-lang/crates.io-index"
checksum = "b584a330336237c1eecd3e94266efb216c56ed91225d634cb2991c5f3fd1aeab"
dependencies = [
 "generic-array",
 "subtle",
]

[[package]]
name = "digest"
version = "0.9.0"
source = "registry+https://github.com/rust-lang/crates.io-index"
checksum = "d3dd60d1080a57a05ab032377049e0591415d2b31afd7028356dbf3cc6dcb066"
dependencies = [
 "generic-array",
]

[[package]]
name = "either"
version = "1.6.1"
source = "registry+https://github.com/rust-lang/crates.io-index"
checksum = "e78d4f1cc4ae33bbfc157ed5d5a5ef3bc29227303d595861deb238fcec4e9457"

[[package]]
name = "fnv"
version = "1.0.7"
source = "registry+https://github.com/rust-lang/crates.io-index"
checksum = "3f9eec918d3f24069decb9af1554cad7c880e2da24a9afd88aca000531ab82c1"

[[package]]
name = "foreign-types"
version = "0.3.2"
source = "registry+https://github.com/rust-lang/crates.io-index"
checksum = "f6f339eb8adc052cd2ca78910fda869aefa38d22d5cb648e6485e4d3fc06f3b1"
dependencies = [
 "foreign-types-shared",
]

[[package]]
name = "foreign-types-shared"
version = "0.1.1"
source = "registry+https://github.com/rust-lang/crates.io-index"
checksum = "00b0228411908ca8685dba7fc2cdd70ec9990a6e753e89b6ac91a84c40fbaf4b"

[[package]]
name = "form_urlencoded"
version = "1.0.1"
source = "registry+https://github.com/rust-lang/crates.io-index"
checksum = "5fc25a87fa4fd2094bffb06925852034d90a17f0d1e05197d4956d3555752191"
dependencies = [
 "matches",
 "percent-encoding",
]

[[package]]
name = "futures"
version = "0.3.16"
source = "registry+https://github.com/rust-lang/crates.io-index"
checksum = "1adc00f486adfc9ce99f77d717836f0c5aa84965eb0b4f051f4e83f7cab53f8b"
dependencies = [
 "futures-channel",
 "futures-core",
 "futures-io",
 "futures-sink",
 "futures-task",
 "futures-util",
]

[[package]]
name = "futures-channel"
version = "0.3.16"
source = "registry+https://github.com/rust-lang/crates.io-index"
checksum = "74ed2411805f6e4e3d9bc904c95d5d423b89b3b25dc0250aa74729de20629ff9"
dependencies = [
 "futures-core",
 "futures-sink",
]

[[package]]
name = "futures-core"
version = "0.3.16"
source = "registry+https://github.com/rust-lang/crates.io-index"
checksum = "af51b1b4a7fdff033703db39de8802c673eb91855f2e0d47dcf3bf2c0ef01f99"

[[package]]
name = "futures-executor"
version = "0.3.16"
source = "registry+https://github.com/rust-lang/crates.io-index"
checksum = "4d0d535a57b87e1ae31437b892713aee90cd2d7b0ee48727cd11fc72ef54761c"
dependencies = [
 "futures-core",
 "futures-task",
 "futures-util",
]

[[package]]
name = "futures-io"
version = "0.3.16"
source = "registry+https://github.com/rust-lang/crates.io-index"
checksum = "0b0e06c393068f3a6ef246c75cdca793d6a46347e75286933e5e75fd2fd11582"

[[package]]
name = "futures-sink"
version = "0.3.16"
source = "registry+https://github.com/rust-lang/crates.io-index"
checksum = "c0f30aaa67363d119812743aa5f33c201a7a66329f97d1a887022971feea4b53"

[[package]]
name = "futures-task"
version = "0.3.16"
source = "registry+https://github.com/rust-lang/crates.io-index"
checksum = "bbe54a98670017f3be909561f6ad13e810d9a51f3f061b902062ca3da80799f2"

[[package]]
name = "futures-util"
version = "0.3.16"
source = "registry+https://github.com/rust-lang/crates.io-index"
checksum = "67eb846bfd58e44a8481a00049e82c43e0ccb5d61f8dc071057cb19249dd4d78"
dependencies = [
 "autocfg",
 "futures-core",
 "futures-sink",
 "futures-task",
 "pin-project-lite",
 "pin-utils",
 "slab",
]

[[package]]
name = "generic-array"
version = "0.14.4"
source = "registry+https://github.com/rust-lang/crates.io-index"
checksum = "501466ecc8a30d1d3b7fc9229b122b2ce8ed6e9d9223f1138d4babb253e51817"
dependencies = [
 "typenum",
 "version_check",
]

[[package]]
name = "getrandom"
version = "0.2.3"
source = "registry+https://github.com/rust-lang/crates.io-index"
checksum = "7fcd999463524c52659517fe2cea98493cfe485d10565e7b0fb07dbba7ad2753"
dependencies = [
 "cfg-if",
 "libc",
 "wasi",
]

[[package]]
name = "gio"
version = "0.14.3"
source = "registry+https://github.com/rust-lang/crates.io-index"
checksum = "402a7057cd21d64bfa7ac027b344a7f50f677fb3308693df0e8c70fb55d29f0d"
dependencies = [
 "bitflags",
 "futures-channel",
 "futures-core",
 "futures-io",
 "gio-sys",
 "glib",
 "libc",
 "once_cell",
 "thiserror",
]

[[package]]
name = "gio-sys"
version = "0.14.0"
source = "registry+https://github.com/rust-lang/crates.io-index"
checksum = "c0a41df66e57fcc287c4bcf74fc26b884f31901ea9792ec75607289b456f48fa"
dependencies = [
 "glib-sys",
 "gobject-sys",
 "libc",
 "system-deps",
 "winapi",
]

[[package]]
name = "glib"
version = "0.14.4"
source = "registry+https://github.com/rust-lang/crates.io-index"
checksum = "a8fb802e3798d75b415bea8f016eed88d50106ce82f1274e80f31d80cfd4b056"
dependencies = [
 "bitflags",
 "futures-channel",
 "futures-core",
 "futures-executor",
 "futures-task",
 "glib-macros",
 "glib-sys",
 "gobject-sys",
 "libc",
 "log",
 "once_cell",
 "smallvec",
]

[[package]]
name = "glib-macros"
version = "0.14.1"
source = "registry+https://github.com/rust-lang/crates.io-index"
checksum = "2aad66361f66796bfc73f530c51ef123970eb895ffba991a234fcf7bea89e518"
dependencies = [
 "anyhow",
 "heck",
 "proc-macro-crate",
 "proc-macro-error",
 "proc-macro2",
 "quote",
 "syn",
]

[[package]]
name = "glib-sys"
version = "0.14.0"
source = "registry+https://github.com/rust-lang/crates.io-index"
checksum = "1c1d60554a212445e2a858e42a0e48cece1bd57b311a19a9468f70376cf554ae"
dependencies = [
 "libc",
 "system-deps",
]

[[package]]
name = "gobject-sys"
version = "0.14.0"
source = "registry+https://github.com/rust-lang/crates.io-index"
checksum = "aa92cae29759dae34ab5921d73fff5ad54b3d794ab842c117e36cafc7994c3f5"
dependencies = [
 "glib-sys",
 "libc",
 "system-deps",
]

[[package]]
name = "gst-meet"
version = "0.2.2"
dependencies = [
 "anyhow",
 "cocoa",
 "futures",
 "glib",
 "gstreamer",
 "lib-gst-meet",
 "structopt",
 "tokio",
 "tokio-stream",
 "tracing",
]

[[package]]
name = "gstreamer"
version = "0.17.3"
source = "registry+https://github.com/rust-lang/crates.io-index"
checksum = "810e68483c27518ec8491d71ee163f9fc03dcc4ebacee98caa348e8a064898ef"
dependencies = [
 "bitflags",
 "cfg-if",
 "futures-channel",
 "futures-core",
 "futures-util",
 "glib",
 "gstreamer-sys",
 "libc",
 "muldiv",
 "num-integer",
 "num-rational",
 "once_cell",
 "paste",
 "pretty-hex",
 "thiserror",
]

[[package]]
name = "gstreamer-base-sys"
version = "0.17.0"
source = "registry+https://github.com/rust-lang/crates.io-index"
checksum = "28169a7b58edb93ad8ac766f0fa12dcd36a2af4257a97ee10194c7103baf3e27"
dependencies = [
 "glib-sys",
 "gobject-sys",
 "gstreamer-sys",
 "libc",
 "system-deps",
]

[[package]]
name = "gstreamer-rtp"
version = "0.17.0"
source = "registry+https://github.com/rust-lang/crates.io-index"
checksum = "a99254d60381f29ce9674e4361fc777f8e40ad26ac4f9072f6d7f084447058fc"
dependencies = [
 "bitflags",
 "glib",
 "gstreamer",
 "gstreamer-rtp-sys",
 "once_cell",
]

[[package]]
name = "gstreamer-rtp-sys"
version = "0.17.0"
source = "registry+https://github.com/rust-lang/crates.io-index"
checksum = "9b12af6ebd69df19b4bed0d2d38c25cc93b7b687088ab199113ffac1994dd59e"
dependencies = [
 "glib-sys",
 "gstreamer-base-sys",
 "gstreamer-sys",
 "libc",
 "system-deps",
]

[[package]]
name = "gstreamer-sys"
version = "0.17.3"
source = "registry+https://github.com/rust-lang/crates.io-index"
checksum = "a81704feeb3e8599913bdd1e738455c2991a01ff4a1780cb62200993e454cc3e"
dependencies = [
 "glib-sys",
 "gobject-sys",
 "libc",
 "system-deps",
]

[[package]]
name = "heck"
version = "0.3.3"
source = "registry+https://github.com/rust-lang/crates.io-index"
checksum = "6d621efb26863f0e9924c6ac577e8275e5e6b77455db64ffa6c65c904e9e132c"
dependencies = [
 "unicode-segmentation",
]

[[package]]
name = "hermit-abi"
version = "0.1.19"
source = "registry+https://github.com/rust-lang/crates.io-index"
checksum = "62b467343b94ba476dcb2500d242dadbb39557df889310ac77c5d99100aaac33"
dependencies = [
 "libc",
]

[[package]]
name = "hex"
version = "0.4.3"
source = "registry+https://github.com/rust-lang/crates.io-index"
checksum = "7f24254aa9a54b5c858eaee2f5bccdb46aaf0e486a595ed5fd8f86ba55232a70"

[[package]]
name = "http"
version = "0.2.4"
source = "registry+https://github.com/rust-lang/crates.io-index"
checksum = "527e8c9ac747e28542699a951517aa9a6945af506cd1f2e1b53a576c17b6cc11"
dependencies = [
 "bytes",
 "fnv",
 "itoa",
]

[[package]]
name = "httparse"
version = "1.5.1"
source = "registry+https://github.com/rust-lang/crates.io-index"
checksum = "acd94fdbe1d4ff688b67b04eee2e17bd50995534a61539e45adfefb45e5e5503"

[[package]]
name = "idna"
version = "0.2.3"
source = "registry+https://github.com/rust-lang/crates.io-index"
checksum = "418a0a6fab821475f634efe3ccc45c013f742efe03d853e8d3355d5cb850ecf8"
dependencies = [
 "matches",
 "unicode-bidi",
 "unicode-normalization",
]

[[package]]
name = "input_buffer"
version = "0.4.0"
source = "registry+https://github.com/rust-lang/crates.io-index"
checksum = "f97967975f448f1a7ddb12b0bc41069d09ed6a1c161a92687e057325db35d413"
dependencies = [
 "bytes",
]

[[package]]
name = "instant"
version = "0.1.10"
source = "registry+https://github.com/rust-lang/crates.io-index"
checksum = "bee0328b1209d157ef001c94dd85b4f8f64139adb0eac2659f4b08382b2f474d"
dependencies = [
 "cfg-if",
]

[[package]]
name = "itertools"
version = "0.10.1"
source = "registry+https://github.com/rust-lang/crates.io-index"
checksum = "69ddb889f9d0d08a67338271fa9b62996bc788c7796a5c18cf057420aaed5eaf"
dependencies = [
 "either",
]

[[package]]
name = "itoa"
version = "0.4.8"
source = "registry+https://github.com/rust-lang/crates.io-index"
checksum = "b71991ff56294aa922b450139ee08b3bfc70982c6b2c7562771375cf73542dd4"

[[package]]
name = "jid"
version = "0.9.2"
source = "registry+https://github.com/rust-lang/crates.io-index"
checksum = "aaded88f156caeca06f5849b6dc97336815c2be69691fad705dd42ced1a06de8"
dependencies = [
 "minidom",
]

[[package]]
name = "js-sys"
version = "0.3.53"
source = "registry+https://github.com/rust-lang/crates.io-index"
checksum = "e4bf49d50e2961077d9c99f4b7997d770a1114f087c3c2e0069b36c13fc2979d"
dependencies = [
 "wasm-bindgen",
]

[[package]]
name = "keccak"
version = "0.1.0"
source = "registry+https://github.com/rust-lang/crates.io-index"
checksum = "67c21572b4949434e4fc1e1978b99c5f77064153c59d998bf13ecd96fb5ecba7"

[[package]]
name = "lazy_static"
version = "1.4.0"
source = "registry+https://github.com/rust-lang/crates.io-index"
checksum = "e2abad23fbc42b3700f2f279844dc832adb2b2eb069b2df918f455c4e18cc646"

[[package]]
name = "lib-gst-meet"
version = "0.3.1"
dependencies = [
 "anyhow",
 "async-stream",
 "async-trait",
 "bytes",
 "futures",
 "glib",
 "gstreamer",
 "gstreamer-rtp",
 "hex",
 "itertools",
 "libc",
 "maplit",
 "nice-gst-meet",
 "once_cell",
 "pem",
 "rand",
 "rcgen",
 "ring",
 "serde",
 "serde_json",
 "tokio",
 "tokio-stream",
 "tokio-tungstenite",
 "tracing",
 "tracing-subscriber",
 "uuid",
 "xmpp-parsers-gst-meet",
]

[[package]]
name = "lib-gst-meet-c"
version = "0.1.0"
dependencies = [
 "anyhow",
 "glib",
 "gstreamer",
 "lib-gst-meet",
 "tokio",
 "tracing",
]

[[package]]
name = "libc"
version = "0.2.100"
source = "registry+https://github.com/rust-lang/crates.io-index"
checksum = "a1fa8cddc8fbbee11227ef194b5317ed014b8acbf15139bd716a18ad3fe99ec5"

[[package]]
name = "lock_api"
version = "0.4.4"
source = "registry+https://github.com/rust-lang/crates.io-index"
checksum = "0382880606dff6d15c9476c416d18690b72742aa7b605bb6dd6ec9030fbf07eb"
dependencies = [
 "scopeguard",
]

[[package]]
name = "log"
version = "0.4.14"
source = "registry+https://github.com/rust-lang/crates.io-index"
checksum = "51b9bbe6c47d51fc3e1a9b945965946b4c44142ab8792c50835a980d362c2710"
dependencies = [
 "cfg-if",
]

[[package]]
name = "malloc_buf"
version = "0.0.6"
source = "registry+https://github.com/rust-lang/crates.io-index"
checksum = "62bb907fe88d54d8d9ce32a3cceab4218ed2f6b7d35617cafe9adf84e43919cb"
dependencies = [
 "libc",
]

[[package]]
name = "maplit"
version = "1.0.2"
source = "registry+https://github.com/rust-lang/crates.io-index"
checksum = "3e2e65a1a2e43cfcb47a895c4c8b10d1f4a61097f9f254f183aee60cad9c651d"

[[package]]
name = "matches"
version = "0.1.9"
source = "registry+https://github.com/rust-lang/crates.io-index"
checksum = "a3e378b66a060d48947b590737b30a1be76706c8dd7b8ba0f2fe3989c68a853f"

[[package]]
name = "memchr"
version = "2.4.1"
source = "registry+https://github.com/rust-lang/crates.io-index"
checksum = "308cc39be01b73d0d18f82a0e7b2a3df85245f84af96fdddc5d202d27e47b86a"

[[package]]
name = "memoffset"
version = "0.6.4"
source = "registry+https://github.com/rust-lang/crates.io-index"
checksum = "59accc507f1338036a0477ef61afdae33cde60840f4dfe481319ce3ad116ddf9"
dependencies = [
 "autocfg",
]

[[package]]
name = "minidom"
version = "0.13.0"
dependencies = [
 "quick-xml",
]

[[package]]
name = "mio"
version = "0.7.13"
source = "registry+https://github.com/rust-lang/crates.io-index"
checksum = "8c2bdb6314ec10835cd3293dd268473a835c02b7b352e788be788b3c6ca6bb16"
dependencies = [
 "libc",
 "log",
 "miow",
 "ntapi",
 "winapi",
]

[[package]]
name = "miow"
version = "0.3.7"
source = "registry+https://github.com/rust-lang/crates.io-index"
checksum = "b9f1c5b025cda876f66ef43a113f91ebc9f4ccef34843000e0adf6ebbab84e21"
dependencies = [
 "winapi",
]

[[package]]
name = "muldiv"
version = "1.0.0"
source = "registry+https://github.com/rust-lang/crates.io-index"
checksum = "b5136edda114182728ccdedb9f5eda882781f35fa6e80cc360af12a8932507f3"

[[package]]
name = "nice-gst-meet"
version = "0.1.1"
dependencies = [
 "bitflags",
 "glib",
 "libc",
 "nice-gst-meet-sys",
 "nix",
]

[[package]]
name = "nice-gst-meet-sys"
version = "0.1.0"
dependencies = [
 "gio",
 "glib",
 "libc",
 "shell-words",
 "system-deps",
 "tempfile",
]

[[package]]
name = "nix"
version = "0.22.1"
source = "registry+https://github.com/rust-lang/crates.io-index"
checksum = "e7555d6c7164cc913be1ce7f95cbecdabda61eb2ccd89008524af306fb7f5031"
dependencies = [
 "bitflags",
 "cc",
 "cfg-if",
 "libc",
 "memoffset",
]

[[package]]
name = "ntapi"
version = "0.3.6"
source = "registry+https://github.com/rust-lang/crates.io-index"
checksum = "3f6bb902e437b6d86e03cce10a7e2af662292c5dfef23b65899ea3ac9354ad44"
dependencies = [
 "winapi",
]

[[package]]
name = "num-integer"
version = "0.1.44"
source = "registry+https://github.com/rust-lang/crates.io-index"
checksum = "d2cc698a63b549a70bc047073d2949cce27cd1c7b0a4a862d08a8031bc2801db"
dependencies = [
 "autocfg",
 "num-traits",
]

[[package]]
name = "num-rational"
version = "0.4.0"
source = "registry+https://github.com/rust-lang/crates.io-index"
checksum = "d41702bd167c2df5520b384281bc111a4b5efcf7fbc4c9c222c815b07e0a6a6a"
dependencies = [
 "autocfg",
 "num-integer",
 "num-traits",
]

[[package]]
name = "num-traits"
version = "0.2.14"
source = "registry+https://github.com/rust-lang/crates.io-index"
checksum = "9a64b1ec5cda2586e284722486d802acf1f7dbdc623e2bfc57e65ca1cd099290"
dependencies = [
 "autocfg",
]

[[package]]
name = "num_cpus"
version = "1.13.0"
source = "registry+https://github.com/rust-lang/crates.io-index"
checksum = "05499f3756671c15885fee9034446956fff3f243d6077b91e5767df161f766b3"
dependencies = [
 "hermit-abi",
 "libc",
]

[[package]]
name = "objc"
version = "0.2.7"
source = "registry+https://github.com/rust-lang/crates.io-index"
checksum = "915b1b472bc21c53464d6c8461c9d3af805ba1ef837e1cac254428f4a77177b1"
dependencies = [
 "malloc_buf",
]

[[package]]
name = "once_cell"
version = "1.8.0"
source = "registry+https://github.com/rust-lang/crates.io-index"
checksum = "692fcb63b64b1758029e0a96ee63e049ce8c5948587f2f7208df04625e5f6b56"

[[package]]
name = "opaque-debug"
version = "0.3.0"
source = "registry+https://github.com/rust-lang/crates.io-index"
checksum = "624a8340c38c1b80fd549087862da4ba43e08858af025b236e509b6649fc13d5"

[[package]]
name = "parking_lot"
version = "0.11.1"
source = "registry+https://github.com/rust-lang/crates.io-index"
checksum = "6d7744ac029df22dca6284efe4e898991d28e3085c706c972bcd7da4a27a15eb"
dependencies = [
 "instant",
 "lock_api",
 "parking_lot_core",
]

[[package]]
name = "parking_lot_core"
version = "0.8.3"
source = "registry+https://github.com/rust-lang/crates.io-index"
checksum = "fa7a782938e745763fe6907fc6ba86946d72f49fe7e21de074e08128a99fb018"
dependencies = [
 "cfg-if",
 "instant",
 "libc",
 "redox_syscall",
 "smallvec",
 "winapi",
]

[[package]]
name = "paste"
version = "1.0.5"
source = "registry+https://github.com/rust-lang/crates.io-index"
checksum = "acbf547ad0c65e31259204bd90935776d1c693cec2f4ff7abb7a1bbbd40dfe58"

[[package]]
name = "pem"
version = "0.8.3"
source = "registry+https://github.com/rust-lang/crates.io-index"
checksum = "fd56cbd21fea48d0c440b41cd69c589faacade08c992d9a54e471b79d0fd13eb"
dependencies = [
 "base64",
 "once_cell",
 "regex",
]

[[package]]
name = "percent-encoding"
version = "2.1.0"
source = "registry+https://github.com/rust-lang/crates.io-index"
checksum = "d4fd5641d01c8f18a23da7b6fe29298ff4b55afcccdf78973b24cf3175fee32e"

[[package]]
name = "pin-project"
version = "1.0.8"
source = "registry+https://github.com/rust-lang/crates.io-index"
checksum = "576bc800220cc65dac09e99e97b08b358cfab6e17078de8dc5fee223bd2d0c08"
dependencies = [
 "pin-project-internal",
]

[[package]]
name = "pin-project-internal"
version = "1.0.8"
source = "registry+https://github.com/rust-lang/crates.io-index"
checksum = "6e8fe8163d14ce7f0cdac2e040116f22eac817edabff0be91e8aff7e9accf389"
dependencies = [
 "proc-macro2",
 "quote",
 "syn",
]

[[package]]
name = "pin-project-lite"
version = "0.2.7"
source = "registry+https://github.com/rust-lang/crates.io-index"
checksum = "8d31d11c69a6b52a174b42bdc0c30e5e11670f90788b2c471c31c1d17d449443"

[[package]]
name = "pin-utils"
version = "0.1.0"
source = "registry+https://github.com/rust-lang/crates.io-index"
checksum = "8b870d8c151b6f2fb93e84a13146138f05d02ed11c7e7c54f8826aaaf7c9f184"

[[package]]
name = "pkg-config"
version = "0.3.19"
source = "registry+https://github.com/rust-lang/crates.io-index"
checksum = "3831453b3449ceb48b6d9c7ad7c96d5ea673e9b470a1dc578c2ce6521230884c"

[[package]]
name = "ppv-lite86"
version = "0.2.10"
source = "registry+https://github.com/rust-lang/crates.io-index"
checksum = "ac74c624d6b2d21f425f752262f42188365d7b8ff1aff74c82e45136510a4857"

[[package]]
name = "pretty-hex"
version = "0.2.1"
source = "registry+https://github.com/rust-lang/crates.io-index"
checksum = "bc5c99d529f0d30937f6f4b8a86d988047327bb88d04d2c4afc356de74722131"

[[package]]
name = "proc-macro-crate"
version = "1.0.0"
source = "registry+https://github.com/rust-lang/crates.io-index"
checksum = "41fdbd1df62156fbc5945f4762632564d7d038153091c3fcf1067f6aef7cff92"
dependencies = [
 "thiserror",
 "toml",
]

[[package]]
name = "proc-macro-error"
version = "1.0.4"
source = "registry+https://github.com/rust-lang/crates.io-index"
checksum = "da25490ff9892aab3fcf7c36f08cfb902dd3e71ca0f9f9517bea02a73a5ce38c"
dependencies = [
 "proc-macro-error-attr",
 "proc-macro2",
 "quote",
 "syn",
 "version_check",
]

[[package]]
name = "proc-macro-error-attr"
version = "1.0.4"
source = "registry+https://github.com/rust-lang/crates.io-index"
checksum = "a1be40180e52ecc98ad80b184934baf3d0d29f979574e439af5a55274b35f869"
dependencies = [
 "proc-macro2",
 "quote",
 "version_check",
]

[[package]]
name = "proc-macro2"
version = "1.0.28"
source = "registry+https://github.com/rust-lang/crates.io-index"
checksum = "5c7ed8b8c7b886ea3ed7dde405212185f423ab44682667c8c6dd14aa1d9f6612"
dependencies = [
 "unicode-xid",
]

[[package]]
name = "quick-xml"
version = "0.20.0"
source = "registry+https://github.com/rust-lang/crates.io-index"
checksum = "26aab6b48e2590e4a64d1ed808749ba06257882b461d01ca71baeb747074a6dd"
dependencies = [
 "memchr",
]

[[package]]
name = "quote"
version = "1.0.9"
source = "registry+https://github.com/rust-lang/crates.io-index"
checksum = "c3d0b9745dc2debf507c8422de05d7226cc1f0644216dfdfead988f9b1ab32a7"
dependencies = [
 "proc-macro2",
]

[[package]]
name = "rand"
version = "0.8.4"
source = "registry+https://github.com/rust-lang/crates.io-index"
checksum = "2e7573632e6454cf6b99d7aac4ccca54be06da05aca2ef7423d22d27d4d4bcd8"
dependencies = [
 "libc",
 "rand_chacha",
 "rand_core",
 "rand_hc",
]

[[package]]
name = "rand_chacha"
version = "0.3.1"
source = "registry+https://github.com/rust-lang/crates.io-index"
checksum = "e6c10a63a0fa32252be49d21e7709d4d4baf8d231c2dbce1eaa8141b9b127d88"
dependencies = [
 "ppv-lite86",
 "rand_core",
]

[[package]]
name = "rand_core"
version = "0.6.3"
source = "registry+https://github.com/rust-lang/crates.io-index"
checksum = "d34f1408f55294453790c48b2f1ebbb1c5b4b7563eb1f418bcfcfdbb06ebb4e7"
dependencies = [
 "getrandom",
]

[[package]]
name = "rand_hc"
version = "0.3.1"
source = "registry+https://github.com/rust-lang/crates.io-index"
checksum = "d51e9f596de227fda2ea6c84607f5558e196eeaf43c986b724ba4fb8fdf497e7"
dependencies = [
 "rand_core",
]

[[package]]
name = "rcgen"
version = "0.8.13"
source = "registry+https://github.com/rust-lang/crates.io-index"
checksum = "2351cbef4bf91837f5ff7face6091cb277ba960d1638d2c5ae2327859912fbba"
dependencies = [
 "chrono",
 "ring",
 "yasna",
]

[[package]]
name = "redox_syscall"
version = "0.2.10"
source = "registry+https://github.com/rust-lang/crates.io-index"
checksum = "8383f39639269cde97d255a32bdb68c047337295414940c68bdd30c2e13203ff"
dependencies = [
 "bitflags",
]

[[package]]
name = "regex"
version = "1.5.4"
source = "registry+https://github.com/rust-lang/crates.io-index"
checksum = "d07a8629359eb56f1e2fb1652bb04212c072a87ba68546a04065d525673ac461"
dependencies = [
 "regex-syntax",
]

[[package]]
name = "regex-syntax"
version = "0.6.25"
source = "registry+https://github.com/rust-lang/crates.io-index"
checksum = "f497285884f3fcff424ffc933e56d7cbca511def0c9831a7f9b5f6153e3cc89b"

[[package]]
name = "remove_dir_all"
version = "0.5.3"
source = "registry+https://github.com/rust-lang/crates.io-index"
checksum = "3acd125665422973a33ac9d3dd2df85edad0f4ae9b00dafb1a05e43a9f5ef8e7"
dependencies = [
 "winapi",
]

[[package]]
name = "ring"
version = "0.16.20"
source = "registry+https://github.com/rust-lang/crates.io-index"
checksum = "3053cf52e236a3ed746dfc745aa9cacf1b791d846bdaf412f60a8d7d6e17c8fc"
dependencies = [
 "cc",
 "libc",
 "once_cell",
 "spin",
 "untrusted",
 "web-sys",
 "winapi",
]

[[package]]
name = "rustls"
version = "0.19.1"
source = "registry+https://github.com/rust-lang/crates.io-index"
checksum = "35edb675feee39aec9c99fa5ff985081995a06d594114ae14cbe797ad7b7a6d7"
dependencies = [
 "base64",
 "log",
 "ring",
 "sct",
 "webpki",
]

[[package]]
name = "ryu"
version = "1.0.5"
source = "registry+https://github.com/rust-lang/crates.io-index"
checksum = "71d301d4193d031abdd79ff7e3dd721168a9572ef3fe51a1517aba235bd8f86e"

[[package]]
name = "scopeguard"
version = "1.1.0"
source = "registry+https://github.com/rust-lang/crates.io-index"
checksum = "d29ab0c6d3fc0ee92fe66e2d99f700eab17a8d57d1c1d3b748380fb20baa78cd"

[[package]]
name = "sct"
version = "0.6.1"
source = "registry+https://github.com/rust-lang/crates.io-index"
checksum = "b362b83898e0e69f38515b82ee15aa80636befe47c3b6d3d89a911e78fc228ce"
dependencies = [
 "ring",
 "untrusted",
]

[[package]]
name = "serde"
version = "1.0.129"
source = "registry+https://github.com/rust-lang/crates.io-index"
checksum = "d1f72836d2aa753853178eda473a3b9d8e4eefdaf20523b919677e6de489f8f1"
dependencies = [
 "serde_derive",
]

[[package]]
name = "serde_derive"
version = "1.0.129"
source = "registry+https://github.com/rust-lang/crates.io-index"
checksum = "e57ae87ad533d9a56427558b516d0adac283614e347abf85b0dc0cbbf0a249f3"
dependencies = [
 "proc-macro2",
 "quote",
 "syn",
]

[[package]]
name = "serde_json"
version = "1.0.66"
source = "registry+https://github.com/rust-lang/crates.io-index"
checksum = "336b10da19a12ad094b59d870ebde26a45402e5b470add4b5fd03c5048a32127"
dependencies = [
 "itoa",
 "ryu",
 "serde",
]

[[package]]
name = "sha-1"
version = "0.9.7"
source = "registry+https://github.com/rust-lang/crates.io-index"
checksum = "1a0c8611594e2ab4ebbf06ec7cbbf0a99450b8570e96cbf5188b5d5f6ef18d81"
dependencies = [
 "block-buffer",
 "cfg-if",
 "cpufeatures",
 "digest",
 "opaque-debug",
]

[[package]]
name = "sha2"
version = "0.9.5"
source = "registry+https://github.com/rust-lang/crates.io-index"
checksum = "b362ae5752fd2137731f9fa25fd4d9058af34666ca1966fb969119cc35719f12"
dependencies = [
 "block-buffer",
 "cfg-if",
 "cpufeatures",
 "digest",
 "opaque-debug",
]

[[package]]
name = "sha3"
version = "0.9.1"
source = "registry+https://github.com/rust-lang/crates.io-index"
checksum = "f81199417d4e5de3f04b1e871023acea7389672c4135918f05aa9cbf2f2fa809"
dependencies = [
 "block-buffer",
 "digest",
 "keccak",
 "opaque-debug",
]

[[package]]
name = "sharded-slab"
version = "0.1.3"
source = "registry+https://github.com/rust-lang/crates.io-index"
checksum = "740223c51853f3145fe7c90360d2d4232f2b62e3449489c207eccde818979982"
dependencies = [
 "lazy_static",
]

[[package]]
name = "shell-words"
version = "1.0.0"
source = "registry+https://github.com/rust-lang/crates.io-index"
checksum = "b6fa3938c99da4914afedd13bf3d79bcb6c277d1b2c398d23257a304d9e1b074"

[[package]]
name = "signal-hook-registry"
version = "1.4.0"
source = "registry+https://github.com/rust-lang/crates.io-index"
checksum = "e51e73328dc4ac0c7ccbda3a494dfa03df1de2f46018127f60c693f2648455b0"
dependencies = [
 "libc",
]

[[package]]
name = "slab"
version = "0.4.4"
source = "registry+https://github.com/rust-lang/crates.io-index"
checksum = "c307a32c1c5c437f38c7fd45d753050587732ba8628319fbdf12a7e289ccc590"

[[package]]
name = "smallvec"
version = "1.6.1"
source = "registry+https://github.com/rust-lang/crates.io-index"
checksum = "fe0f37c9e8f3c5a4a66ad655a93c74daac4ad00c441533bf5c6e7990bb42604e"

[[package]]
name = "spin"
version = "0.5.2"
source = "registry+https://github.com/rust-lang/crates.io-index"
checksum = "6e63cff320ae2c57904679ba7cb63280a3dc4613885beafb148ee7bf9aa9042d"

[[package]]
name = "structopt"
version = "0.3.22"
source = "registry+https://github.com/rust-lang/crates.io-index"
checksum = "69b041cdcb67226aca307e6e7be44c8806423d83e018bd662360a93dabce4d71"
dependencies = [
 "clap",
 "lazy_static",
 "structopt-derive",
]

[[package]]
name = "structopt-derive"
version = "0.4.15"
source = "registry+https://github.com/rust-lang/crates.io-index"
checksum = "7813934aecf5f51a54775e00068c237de98489463968231a51746bbbc03f9c10"
dependencies = [
 "heck",
 "proc-macro-error",
 "proc-macro2",
 "quote",
 "syn",
]

[[package]]
name = "strum"
version = "0.21.0"
source = "registry+https://github.com/rust-lang/crates.io-index"
checksum = "aaf86bbcfd1fa9670b7a129f64fc0c9fcbbfe4f1bc4210e9e98fe71ffc12cde2"

[[package]]
name = "strum_macros"
version = "0.21.1"
source = "registry+https://github.com/rust-lang/crates.io-index"
checksum = "d06aaeeee809dbc59eb4556183dd927df67db1540de5be8d3ec0b6636358a5ec"
dependencies = [
 "heck",
 "proc-macro2",
 "quote",
 "syn",
]

[[package]]
name = "subtle"
version = "2.4.1"
source = "registry+https://github.com/rust-lang/crates.io-index"
checksum = "6bdef32e8150c2a081110b42772ffe7d7c9032b606bc226c8260fd97e0976601"

[[package]]
name = "syn"
version = "1.0.75"
source = "registry+https://github.com/rust-lang/crates.io-index"
checksum = "b7f58f7e8eaa0009c5fec437aabf511bd9933e4b2d7407bd05273c01a8906ea7"
dependencies = [
 "proc-macro2",
 "quote",
 "unicode-xid",
]

[[package]]
name = "system-deps"
version = "3.2.0"
source = "registry+https://github.com/rust-lang/crates.io-index"
checksum = "480c269f870722b3b08d2f13053ce0c2ab722839f472863c3e2d61ff3a1c2fa6"
dependencies = [
 "anyhow",
 "cfg-expr",
 "heck",
 "itertools",
 "pkg-config",
 "strum",
 "strum_macros",
 "thiserror",
 "toml",
 "version-compare",
]

[[package]]
name = "tempfile"
version = "3.2.0"
source = "registry+https://github.com/rust-lang/crates.io-index"
checksum = "dac1c663cfc93810f88aed9b8941d48cabf856a1b111c29a40439018d870eb22"
dependencies = [
 "cfg-if",
 "libc",
 "rand",
 "redox_syscall",
 "remove_dir_all",
 "winapi",
]

[[package]]
name = "textwrap"
version = "0.11.0"
source = "registry+https://github.com/rust-lang/crates.io-index"
checksum = "d326610f408c7a4eb6f51c37c330e496b08506c9457c9d34287ecc38809fb060"
dependencies = [
 "unicode-width",
]

[[package]]
name = "thiserror"
version = "1.0.26"
source = "registry+https://github.com/rust-lang/crates.io-index"
checksum = "93119e4feac1cbe6c798c34d3a53ea0026b0b1de6a120deef895137c0529bfe2"
dependencies = [
 "thiserror-impl",
]

[[package]]
name = "thiserror-impl"
version = "1.0.26"
source = "registry+https://github.com/rust-lang/crates.io-index"
checksum = "060d69a0afe7796bf42e9e2ff91f5ee691fb15c53d38b4b62a9a53eb23164745"
dependencies = [
 "proc-macro2",
 "quote",
 "syn",
]

[[package]]
name = "thread_local"
version = "1.1.3"
source = "registry+https://github.com/rust-lang/crates.io-index"
checksum = "8018d24e04c95ac8790716a5987d0fec4f8b27249ffa0f7d33f1369bdfb88cbd"
dependencies = [
 "once_cell",
]

[[package]]
name = "tinyvec"
version = "1.3.1"
source = "registry+https://github.com/rust-lang/crates.io-index"
checksum = "848a1e1181b9f6753b5e96a092749e29b11d19ede67dfbbd6c7dc7e0f49b5338"
dependencies = [
 "tinyvec_macros",
]

[[package]]
name = "tinyvec_macros"
version = "0.1.0"
source = "registry+https://github.com/rust-lang/crates.io-index"
checksum = "cda74da7e1a664f795bb1f8a87ec406fb89a02522cf6e50620d016add6dbbf5c"

[[package]]
name = "tokio"
version = "1.10.1"
source = "registry+https://github.com/rust-lang/crates.io-index"
checksum = "92036be488bb6594459f2e03b60e42df6f937fe6ca5c5ffdcb539c6b84dc40f5"
dependencies = [
 "autocfg",
 "bytes",
 "libc",
 "memchr",
 "mio",
 "num_cpus",
 "once_cell",
 "pin-project-lite",
 "signal-hook-registry",
 "tokio-macros",
 "winapi",
]

[[package]]
name = "tokio-macros"
version = "1.3.0"
source = "registry+https://github.com/rust-lang/crates.io-index"
checksum = "54473be61f4ebe4efd09cec9bd5d16fa51d70ea0192213d754d2d500457db110"
dependencies = [
 "proc-macro2",
 "quote",
 "syn",
]

[[package]]
name = "tokio-rustls"
version = "0.22.0"
source = "registry+https://github.com/rust-lang/crates.io-index"
checksum = "bc6844de72e57df1980054b38be3a9f4702aba4858be64dd700181a8a6d0e1b6"
dependencies = [
 "rustls",
 "tokio",
 "webpki",
]

[[package]]
name = "tokio-stream"
version = "0.1.7"
source = "registry+https://github.com/rust-lang/crates.io-index"
checksum = "7b2f3f698253f03119ac0102beaa64f67a67e08074d03a22d18784104543727f"
dependencies = [
 "futures-core",
 "pin-project-lite",
 "tokio",
]

[[package]]
name = "tokio-tungstenite"
version = "0.14.0"
source = "registry+https://github.com/rust-lang/crates.io-index"
checksum = "1e96bb520beab540ab664bd5a9cfeaa1fcd846fa68c830b42e2c8963071251d2"
dependencies = [
 "futures-util",
 "log",
 "pin-project",
 "rustls",
 "tokio",
 "tokio-rustls",
 "tungstenite",
 "webpki",
 "webpki-roots",
]

[[package]]
name = "toml"
version = "0.5.8"
source = "registry+https://github.com/rust-lang/crates.io-index"
checksum = "a31142970826733df8241ef35dc040ef98c679ab14d7c3e54d827099b3acecaa"
dependencies = [
 "serde",
]

[[package]]
name = "tracing"
version = "0.1.26"
source = "registry+https://github.com/rust-lang/crates.io-index"
checksum = "09adeb8c97449311ccd28a427f96fb563e7fd31aabf994189879d9da2394b89d"
dependencies = [
 "cfg-if",
 "pin-project-lite",
 "tracing-attributes",
 "tracing-core",
]

[[package]]
name = "tracing-attributes"
version = "0.1.15"
source = "registry+https://github.com/rust-lang/crates.io-index"
checksum = "c42e6fa53307c8a17e4ccd4dc81cf5ec38db9209f59b222210375b54ee40d1e2"
dependencies = [
 "proc-macro2",
 "quote",
 "syn",
]

[[package]]
name = "tracing-core"
version = "0.1.19"
source = "registry+https://github.com/rust-lang/crates.io-index"
checksum = "2ca517f43f0fb96e0c3072ed5c275fe5eece87e8cb52f4a77b69226d3b1c9df8"
dependencies = [
 "lazy_static",
]

[[package]]
name = "tracing-log"
version = "0.1.2"
source = "registry+https://github.com/rust-lang/crates.io-index"
checksum = "a6923477a48e41c1951f1999ef8bb5a3023eb723ceadafe78ffb65dc366761e3"
dependencies = [
 "lazy_static",
 "log",
 "tracing-core",
]

[[package]]
name = "tracing-subscriber"
version = "0.2.20"
source = "registry+https://github.com/rust-lang/crates.io-index"
checksum = "b9cbe87a2fa7e35900ce5de20220a582a9483a7063811defce79d7cbd59d4cfe"
dependencies = [
 "chrono",
 "parking_lot",
 "sharded-slab",
 "smallvec",
 "thread_local",
 "tracing-core",
 "tracing-log",
]

[[package]]
name = "tungstenite"
version = "0.13.0"
source = "registry+https://github.com/rust-lang/crates.io-index"
checksum = "5fe8dada8c1a3aeca77d6b51a4f1314e0f4b8e438b7b1b71e3ddaca8080e4093"
dependencies = [
 "base64",
 "byteorder",
 "bytes",
 "http",
 "httparse",
 "input_buffer",
 "log",
 "rand",
 "rustls",
 "sha-1",
 "thiserror",
 "url",
 "utf-8",
 "webpki",
 "webpki-roots",
]

[[package]]
name = "typenum"
version = "1.13.0"
source = "registry+https://github.com/rust-lang/crates.io-index"
checksum = "879f6906492a7cd215bfa4cf595b600146ccfac0c79bcbd1f3000162af5e8b06"

[[package]]
name = "unicode-bidi"
version = "0.3.6"
source = "registry+https://github.com/rust-lang/crates.io-index"
checksum = "246f4c42e67e7a4e3c6106ff716a5d067d4132a642840b242e357e468a2a0085"

[[package]]
name = "unicode-normalization"
version = "0.1.19"
source = "registry+https://github.com/rust-lang/crates.io-index"
checksum = "d54590932941a9e9266f0832deed84ebe1bf2e4c9e4a3554d393d18f5e854bf9"
dependencies = [
 "tinyvec",
]

[[package]]
name = "unicode-segmentation"
version = "1.8.0"
source = "registry+https://github.com/rust-lang/crates.io-index"
checksum = "8895849a949e7845e06bd6dc1aa51731a103c42707010a5b591c0038fb73385b"

[[package]]
name = "unicode-width"
version = "0.1.8"
source = "registry+https://github.com/rust-lang/crates.io-index"
checksum = "9337591893a19b88d8d87f2cec1e73fad5cdfd10e5a6f349f498ad6ea2ffb1e3"

[[package]]
name = "unicode-xid"
version = "0.2.2"
source = "registry+https://github.com/rust-lang/crates.io-index"
checksum = "8ccb82d61f80a663efe1f787a51b16b5a51e3314d6ac365b08639f52387b33f3"

[[package]]
name = "untrusted"
version = "0.7.1"
source = "registry+https://github.com/rust-lang/crates.io-index"
checksum = "a156c684c91ea7d62626509bce3cb4e1d9ed5c4d978f7b4352658f96a4c26b4a"

[[package]]
name = "url"
version = "2.2.2"
source = "registry+https://github.com/rust-lang/crates.io-index"
checksum = "a507c383b2d33b5fc35d1861e77e6b383d158b2da5e14fe51b83dfedf6fd578c"
dependencies = [
 "form_urlencoded",
 "idna",
 "matches",
 "percent-encoding",
]

[[package]]
name = "utf-8"
version = "0.7.6"
source = "registry+https://github.com/rust-lang/crates.io-index"
checksum = "09cc8ee72d2a9becf2f2febe0205bbed8fc6615b7cb429ad062dc7b7ddd036a9"

[[package]]
name = "uuid"
version = "0.8.2"
source = "registry+https://github.com/rust-lang/crates.io-index"
checksum = "bc5cf98d8186244414c848017f0e2676b3fcb46807f6668a97dfe67359a3c4b7"
dependencies = [
 "getrandom",
]

[[package]]
name = "version-compare"
version = "0.0.11"
source = "registry+https://github.com/rust-lang/crates.io-index"
checksum = "1c18c859eead79d8b95d09e4678566e8d70105c4e7b251f707a03df32442661b"

[[package]]
name = "version_check"
version = "0.9.3"
source = "registry+https://github.com/rust-lang/crates.io-index"
checksum = "5fecdca9a5291cc2b8dcf7dc02453fee791a280f3743cb0905f8822ae463b3fe"

[[package]]
name = "wasi"
version = "0.10.2+wasi-snapshot-preview1"
source = "registry+https://github.com/rust-lang/crates.io-index"
checksum = "fd6fbd9a79829dd1ad0cc20627bf1ed606756a7f77edff7b66b7064f9cb327c6"

[[package]]
name = "wasm-bindgen"
version = "0.2.76"
source = "registry+https://github.com/rust-lang/crates.io-index"
checksum = "8ce9b1b516211d33767048e5d47fa2a381ed8b76fc48d2ce4aa39877f9f183e0"
dependencies = [
 "cfg-if",
 "wasm-bindgen-macro",
]

[[package]]
name = "wasm-bindgen-backend"
version = "0.2.76"
source = "registry+https://github.com/rust-lang/crates.io-index"
checksum = "cfe8dc78e2326ba5f845f4b5bf548401604fa20b1dd1d365fb73b6c1d6364041"
dependencies = [
 "bumpalo",
 "lazy_static",
 "log",
 "proc-macro2",
 "quote",
 "syn",
 "wasm-bindgen-shared",
]

[[package]]
name = "wasm-bindgen-macro"
version = "0.2.76"
source = "registry+https://github.com/rust-lang/crates.io-index"
checksum = "44468aa53335841d9d6b6c023eaab07c0cd4bddbcfdee3e2bb1e8d2cb8069fef"
dependencies = [
 "quote",
 "wasm-bindgen-macro-support",
]

[[package]]
name = "wasm-bindgen-macro-support"
version = "0.2.76"
source = "registry+https://github.com/rust-lang/crates.io-index"
checksum = "0195807922713af1e67dc66132c7328206ed9766af3858164fb583eedc25fbad"
dependencies = [
 "proc-macro2",
 "quote",
 "syn",
 "wasm-bindgen-backend",
 "wasm-bindgen-shared",
]

[[package]]
name = "wasm-bindgen-shared"
version = "0.2.76"
source = "registry+https://github.com/rust-lang/crates.io-index"
checksum = "acdb075a845574a1fa5f09fd77e43f7747599301ea3417a9fbffdeedfc1f4a29"

[[package]]
name = "web-sys"
version = "0.3.53"
source = "registry+https://github.com/rust-lang/crates.io-index"
checksum = "224b2f6b67919060055ef1a67807367c2066ed520c3862cc013d26cf893a783c"
dependencies = [
 "js-sys",
 "wasm-bindgen",
]

[[package]]
name = "webpki"
version = "0.21.4"
source = "registry+https://github.com/rust-lang/crates.io-index"
checksum = "b8e38c0608262c46d4a56202ebabdeb094cef7e560ca7a226c6bf055188aa4ea"
dependencies = [
 "ring",
 "untrusted",
]

[[package]]
name = "webpki-roots"
version = "0.21.1"
source = "registry+https://github.com/rust-lang/crates.io-index"
checksum = "aabe153544e473b775453675851ecc86863d2a81d786d741f6b76778f2a48940"
dependencies = [
 "webpki",
]

[[package]]
name = "winapi"
version = "0.3.9"
source = "registry+https://github.com/rust-lang/crates.io-index"
checksum = "5c839a674fcd7a98952e593242ea400abe93992746761e38641405d28b00f419"
dependencies = [
 "winapi-i686-pc-windows-gnu",
 "winapi-x86_64-pc-windows-gnu",
]

[[package]]
name = "winapi-i686-pc-windows-gnu"
version = "0.4.0"
source = "registry+https://github.com/rust-lang/crates.io-index"
checksum = "ac3b87c63620426dd9b991e5ce0329eff545bccbbb34f3be09ff6fb6ab51b7b6"

[[package]]
name = "winapi-x86_64-pc-windows-gnu"
version = "0.4.0"
source = "registry+https://github.com/rust-lang/crates.io-index"
checksum = "712e227841d057c1ee1cd2fb22fa7e5a5461ae8e48fa2ca79ec42cfc1931183f"

[[package]]
name = "xmpp-parsers-gst-meet"
version = "0.18.1"
source = "registry+https://github.com/rust-lang/crates.io-index"
checksum = "07ee050e91ad5abe5d8b90c07aad58e9bc66e1c188203dee96cd77c4c739a585"
dependencies = [
 "base64",
 "blake2",
 "chrono",
 "digest",
 "jid",
 "minidom",
 "sha-1",
 "sha2",
 "sha3",
]

[[package]]
name = "yasna"
version = "0.4.0"
source = "registry+https://github.com/rust-lang/crates.io-index"
checksum = "e262a29d0e61ccf2b6190d7050d4b237535fc76ce4c1210d9caa316f71dffa75"
dependencies = [
 "chrono",
]
